
Microsoft Visual Studio Solution File, Format Version 12.00
# Visual Studio Version 16
VisualStudioVersion = 16.0.29926.136
MinimumVisualStudioVersion = 10.0.40219.1
Project("{FAE04EC0-301F-11D3-BF4B-00C04F79EFBC}") = "RedPanda.WOL", "RedPanda.WOL\RedPanda.WOL.csproj", "{B2B839C9-C76F-4E67-B4D4-7394DCC1E744}"
EndProject
Project("{9A19103F-16F7-4668-BE54-9A1E7A4F7556}") = "RedPanda.WOL.Core", "RedPanda.WOL.Core\RedPanda.WOL.Core.csproj", "{364325D9-A539-486F-A1F4-2F766091B066}"
EndProject
Project("{FAE04EC0-301F-11D3-BF4B-00C04F79EFBC}") = "RedPanda.WOL.Sender", "RedPanda.WOL.Sender\RedPanda.WOL.Sender.csproj", "{FDC17DE5-A79F-4E82-B197-37CC5F558BE4}"
EndProject
Global
	GlobalSection(SolutionConfigurationPlatforms) = preSolution
		Debug|Any CPU = Debug|Any CPU
		Release|Any CPU = Release|Any CPU
	EndGlobalSection
	GlobalSection(ProjectConfigurationPlatforms) = postSolution
		{B2B839C9-C76F-4E67-B4D4-7394DCC1E744}.Debug|Any CPU.ActiveCfg = Debug|Any CPU
		{B2B839C9-C76F-4E67-B4D4-7394DCC1E744}.Debug|Any CPU.Build.0 = Debug|Any CPU
		{B2B839C9-C76F-4E67-B4D4-7394DCC1E744}.Release|Any CPU.ActiveCfg = Release|Any CPU
		{B2B839C9-C76F-4E67-B4D4-7394DCC1E744}.Release|Any CPU.Build.0 = Release|Any CPU
		{364325D9-A539-486F-A1F4-2F766091B066}.Debug|Any CPU.ActiveCfg = Debug|Any CPU
		{364325D9-A539-486F-A1F4-2F766091B066}.Debug|Any CPU.Build.0 = Debug|Any CPU
		{364325D9-A539-486F-A1F4-2F766091B066}.Release|Any CPU.ActiveCfg = Release|Any CPU
		{364325D9-A539-486F-A1F4-2F766091B066}.Release|Any CPU.Build.0 = Release|Any CPU
		{FDC17DE5-A79F-4E82-B197-37CC5F558BE4}.Debug|Any CPU.ActiveCfg = Debug|Any CPU
		{FDC17DE5-A79F-4E82-B197-37CC5F558BE4}.Debug|Any CPU.Build.0 = Debug|Any CPU
		{FDC17DE5-A79F-4E82-B197-37CC5F558BE4}.Release|Any CPU.ActiveCfg = Release|Any CPU
		{FDC17DE5-A79F-4E82-B197-37CC5F558BE4}.Release|Any CPU.Build.0 = Release|Any CPU
	EndGlobalSection
	GlobalSection(SolutionProperties) = preSolution
		HideSolutionNode = FALSE
	EndGlobalSection
	GlobalSection(ExtensibilityGlobals) = postSolution
		SolutionGuid = {D01438D1-D0F0-4BA9-8EFD-ECD95BF81B15}
	EndGlobalSection
EndGlobal
